Microsoft Visual Studio Solution File, Format Version 12.00
# Visual Studio Version 17
VisualStudioVersion = 17.5.2.0
MinimumVisualStudioVersion = 10.0.40219.1
Project("{FAE04EC0-301F-11D3-BF4B-00C04F79EFBC}") = "PasswordQrGenerator", "PasswordQrGenerator\PasswordQrGenerator.csproj", "{2DD07A3C-DB86-DCD8-9EE1-37411F963FE9}"
EndProject
Global
	GlobalSection(SolutionConfigurationPlatforms) = preSolution
		Debug|Any CPU = Debug|Any CPU
		Release|Any CPU = Release|Any CPU
	EndGlobalSection
	GlobalSection(ProjectConfigurationPlatforms) = postSolution
		{2DD07A3C-DB86-DCD8-9EE1-37411F963FE9}.Debug|Any CPU.ActiveCfg = Debug|Any CPU
		{2DD07A3C-DB86-DCD8-9EE1-37411F963FE9}.Debug|Any CPU.Build.0 = Debug|Any CPU
		{2DD07A3C-DB86-DCD8-9EE1-37411F963FE9}.Release|Any CPU.ActiveCfg = Release|Any CPU
		{2DD07A3C-DB86-DCD8-9EE1-37411F963FE9}.Release|Any CPU.Build.0 = Release|Any CPU
	EndGlobalSection
	GlobalSection(SolutionProperties) = preSolution
		HideSolutionNode = FALSE
	EndGlobalSection
	GlobalSection(ExtensibilityGlobals) = postSolution
		SolutionGuid = {D1B5E2EF-0901-4C47-8EE6-FCDDA4196FE6}
	EndGlobalSection
EndGlobal
